{
  "originHash" : "e07d3db1563361bfe936f11f8c3bb6930a9dfade30fa2b85c157b41da3499de0",
  "pins" : [
    {
      "identity" : "dswaveformimage",
      "kind" : "remoteSourceControl",
      "location" : "https://github.com/dmrschmidt/DSWaveformImage",
      "state" : {
        "revision" : "00afb7930863b9cc3bd011389d601735e548093c",
        "version" : "14.5.0"
      }
    },
    {
      "identity" : "posthog-ios",
      "kind" : "remoteSourceControl",
      "location" : "https://github.com/PostHog/posthog-ios.git",
      "state" : {
        "revision" : "76a3e1db35f3153f3388bdf077a717c7350e5f9e",
        "version" : "3.64.6"
      }
    }
  ],
  "version" : 3
}
